
Microsoft Visual Studio Solution File, Format Version 12.00
# Visual Studio 15
Project("{FAE04EC0-301F-11D3-BF4B-00C04F79EFBC}") = "DOTween.Modules", "DOTween.Modules.csproj", "{FEBE17D4-A11D-4BC1-68D0-47C98E2896B9}"
EndProject
Project("{FAE04EC0-301F-11D3-BF4B-00C04F79EFBC}") = "UMotionSourceApplication", "UMotionSourceApplication.csproj", "{78F955A6-2935-9744-0153-F8507388D6D6}"
EndProject
Project("{FAE04EC0-301F-11D3-BF4B-00C04F79EFBC}") = "Assembly-CSharp", "Assembly-CSharp.csproj", "{A7FEC6DC-F79B-B98E-4C85-31DA3C9D3FFE}"
EndProject
Project("{FAE04EC0-301F-11D3-BF4B-00C04F79EFBC}") = "UMotionSourceEditor", "UMotionSourceEditor.csproj", "{C721B39D-D642-8775-075E-1C1CF03AB180}"
EndProject
Project("{FAE04EC0-301F-11D3-BF4B-00C04F79EFBC}") = "Assembly-CSharp-Editor", "Assembly-CSharp-Editor.csproj", "{FF851E19-9CD7-2778-DB7D-F1866535E563}"
EndProject
Global
	GlobalSection(SolutionConfigurationPlatforms) = preSolution
		Debug|Any CPU = Debug|Any CPU
		Release|Any CPU = Release|Any CPU
	EndGlobalSection
	GlobalSection(ProjectConfigurationPlatforms) = postSolution
		{FEBE17D4-A11D-4BC1-68D0-47C98E2896B9}.Debug|Any CPU.ActiveCfg = Debug|Any CPU
		{FEBE17D4-A11D-4BC1-68D0-47C98E2896B9}.Debug|Any CPU.Build.0 = Debug|Any CPU
		{FEBE17D4-A11D-4BC1-68D0-47C98E2896B9}.Release|Any CPU.ActiveCfg = Release|Any CPU
		{FEBE17D4-A11D-4BC1-68D0-47C98E2896B9}.Release|Any CPU.Build.0 = Release|Any CPU
		{78F955A6-2935-9744-0153-F8507388D6D6}.Debug|Any CPU.ActiveCfg = Debug|Any CPU
		{78F955A6-2935-9744-0153-F8507388D6D6}.Debug|Any CPU.Build.0 = Debug|Any CPU
		{78F955A6-2935-9744-0153-F8507388D6D6}.Release|Any CPU.ActiveCfg = Release|Any CPU
		{78F955A6-2935-9744-0153-F8507388D6D6}.Release|Any CPU.Build.0 = Release|Any CPU
		{A7FEC6DC-F79B-B98E-4C85-31DA3C9D3FFE}.Debug|Any CPU.ActiveCfg = Debug|Any CPU
		{A7FEC6DC-F79B-B98E-4C85-31DA3C9D3FFE}.Debug|Any CPU.Build.0 = Debug|Any CPU
		{A7FEC6DC-F79B-B98E-4C85-31DA3C9D3FFE}.Release|Any CPU.ActiveCfg = Release|Any CPU
		{A7FEC6DC-F79B-B98E-4C85-31DA3C9D3FFE}.Release|Any CPU.Build.0 = Release|Any CPU
		{C721B39D-D642-8775-075E-1C1CF03AB180}.Debug|Any CPU.ActiveCfg = Debug|Any CPU
		{C721B39D-D642-8775-075E-1C1CF03AB180}.Debug|Any CPU.Build.0 = Debug|Any CPU
		{C721B39D-D642-8775-075E-1C1CF03AB180}.Release|Any CPU.ActiveCfg = Release|Any CPU
		{C721B39D-D642-8775-075E-1C1CF03AB180}.Release|Any CPU.Build.0 = Release|Any CPU
		{FF851E19-9CD7-2778-DB7D-F1866535E563}.Debug|Any CPU.ActiveCfg = Debug|Any CPU
		{FF851E19-9CD7-2778-DB7D-F1866535E563}.Debug|Any CPU.Build.0 = Debug|Any CPU
		{FF851E19-9CD7-2778-DB7D-F1866535E563}.Release|Any CPU.ActiveCfg = Release|Any CPU
		{FF851E19-9CD7-2778-DB7D-F1866535E563}.Release|Any CPU.Build.0 = Release|Any CPU
	EndGlobalSection
	GlobalSection(SolutionProperties) = preSolution
		HideSolutionNode = FALSE
	EndGlobalSection
EndGlobal
